// !$*UTF8*$!
{
	archiveVersion = 1;
	classes = {
	};
	objectVersion = 46;
	objects = {

/* Begin PBXBuildFile section */
		07EE76011CB36CD8003B7E8F /* AppDelegate.swift in Sources */ = {isa = PBXBuildFile; fileRef = 07EE76001CB36CD8003B7E8F /* AppDelegate.swift */; };
		07EE76031CB36CD8003B7E8F /* ViewController.swift in Sources */ = {isa = PBXBuildFile; fileRef = 07EE76021CB36CD8003B7E8F /* ViewController.swift */; };
		07EE76061CB36CD8003B7E8F /* Main.storyboard in Resources */ = {isa = PBXBuildFile; fileRef = 07EE76041CB36CD8003B7E8F /* Main.storyboard */; };
		07EE76091CB36CD8003B7E8F /* klimek_showcase.xcdatamodeld in Sources */ = {isa = PBXBuildFile; fileRef = 07EE76071CB36CD8003B7E8F /* klimek_showcase.xcdatamodeld */; };
		07EE760B1CB36CD8003B7E8F /* Assets.xcassets in Resources */ = {isa = PBXBuildFile; fileRef = 07EE760A1CB36CD8003B7E8F /* Assets.xcassets */; };
		07EE760E1CB36CD8003B7E8F /* LaunchScreen.storyboard in Resources */ = {isa = PBXBuildFile; fileRef = 07EE760C1CB36CD8003B7E8F /* LaunchScreen.storyboard */; };
		07EE761D1CB36D3C003B7E8F /* NotoSans-Bold.ttf in Resources */ = {isa = PBXBuildFile; fileRef = 07EE76191CB36D3C003B7E8F /* NotoSans-Bold.ttf */; };
		07EE761E1CB36D3C003B7E8F /* NotoSans-BoldItalic.ttf in Resources */ = {isa = PBXBuildFile; fileRef = 07EE761A1CB36D3C003B7E8F /* NotoSans-BoldItalic.ttf */; };
		07EE761F1CB36D3C003B7E8F /* NotoSans-Italic.ttf in Resources */ = {isa = PBXBuildFile; fileRef = 07EE761B1CB36D3C003B7E8F /* NotoSans-Italic.ttf */; };
		07EE76201CB36D3C003B7E8F /* NotoSans-Regular.ttf in Resources */ = {isa = PBXBuildFile; fileRef = 07EE761C1CB36D3C003B7E8F /* NotoSans-Regular.ttf */; };
		07EE76221CB3703A003B7E8F /* MaterialView.swift in Sources */ = {isa = PBXBuildFile; fileRef = 07EE76211CB3703A003B7E8F /* MaterialView.swift */; };
		07EE76251CB3716F003B7E8F /* Constants.swift in Sources */ = {isa = PBXBuildFile; fileRef = 07EE76241CB3716F003B7E8F /* Constants.swift */; };
		07EE76271CB4BC96003B7E8F /* MaterialButton.swift in Sources */ = {isa = PBXBuildFile; fileRef = 07EE76261CB4BC96003B7E8F /* MaterialButton.swift */; };
		07EE76291CB4C14E003B7E8F /* MaterialTextField.swift in Sources */ = {isa = PBXBuildFile; fileRef = 07EE76281CB4C14E003B7E8F /* MaterialTextField.swift */; };
/* End PBXBuildFile section */

/* Begin PBXFileReference section */
		07EE75FD1CB36CD8003B7E8F /* klimek-showcase.app */ = {isa = PBXFileReference; explicitFileType = wrapper.application; includeInIndex = 0; path = "klimek-showcase.app"; sourceTree = BUILT_PRODUCTS_DIR; };
		07EE76001CB36CD8003B7E8F /* AppDelegate.swift */ = {isa = PBXFileReference; lastKnownFileType = sourcecode.swift; path = AppDelegate.swift; sourceTree = "<group>"; };
		07EE76021CB36CD8003B7E8F /* ViewController.swift */ = {isa = PBXFileReference; lastKnownFileType = sourcecode.swift; path = ViewController.swift; sourceTree = "<group>"; };
		07EE76051CB36CD8003B7E8F /* Base */ = {isa = PBXFileReference; lastKnownFileType = file.storyboard; name = Base; path = Base.lproj/Main.storyboard; sourceTree = "<group>"; };
		07EE76081CB36CD8003B7E8F /* klimek_showcase.xcdatamodel */ = {isa = PBXFileReference; lastKnownFileType = wrapper.xcdatamodel; path = klimek_showcase.xcdatamodel; sourceTree = "<group>"; };
		07EE760A1CB36CD8003B7E8F /* Assets.xcassets */ = {isa = PBXFileReference; lastKnownFileType = folder.assetcatalog; path = Assets.xcassets; sourceTree = "<group>"; };
		07EE760D1CB36CD8003B7E8F /* Base */ = {isa = PBXFileReference; lastKnownFileType = file.storyboard; name = Base; path = Base.lproj/LaunchScreen.storyboard; sourceTree = "<group>"; };
		07EE760F1CB36CD8003B7E8F /* Info.plist */ = {isa = PBXFileReference; lastKnownFileType = text.plist.xml; path = Info.plist; sourceTree = "<group>"; };
		07EE76191CB36D3C003B7E8F /* NotoSans-Bold.ttf */ = {isa = PBXFileReference; lastKnownFileType = file; path = "NotoSans-Bold.ttf"; sourceTree = "<group>"; };
		07EE761A1CB36D3C003B7E8F /* NotoSans-BoldItalic.ttf */ = {isa = PBXFileReference; lastKnownFileType = file; path = "NotoSans-BoldItalic.ttf"; sourceTree = "<group>"; };
		07EE761B1CB36D3C003B7E8F /* NotoSans-Italic.ttf */ = {isa = PBXFileReference; lastKnownFileType = file; path = "NotoSans-Italic.ttf"; sourceTree = "<group>"; };
		07EE761C1CB36D3C003B7E8F /* NotoSans-Regular.ttf */ = {isa = PBXFileReference; lastKnownFileType = file; path = "NotoSans-Regular.ttf"; sourceTree = "<group>"; };
		07EE76211CB3703A003B7E8F /* MaterialView.swift */ = {isa = PBXFileReference; fileEncoding = 4; lastKnownFileType = sourcecode.swift; path = MaterialView.swift; sourceTree = "<group>"; };
		07EE76241CB3716F003B7E8F /* Constants.swift */ = {isa = PBXFileReference; fileEncoding = 4; lastKnownFileType = sourcecode.swift; path = Constants.swift; sourceTree = "<group>"; };
		07EE76261CB4BC96003B7E8F /* MaterialButton.swift */ = {isa = PBXFileReference; fileEncoding = 4; lastKnownFileType = sourcecode.swift; path = MaterialButton.swift; sourceTree = "<group>"; };
		07EE76281CB4C14E003B7E8F /* MaterialTextField.swift */ = {isa = PBXFileReference; fileEncoding = 4; lastKnownFileType = sourcecode.swift; path = MaterialTextField.swift; sourceTree = "<group>"; };
/* End PBXFileReference section */

/* Begin PBXFrameworksBuildPhase section */
		07EE75FA1CB36CD8003B7E8F /* Frameworks */ = {
			isa = PBXFrameworksBuildPhase;
			buildActionMask = 2147483647;
			files = (
			);
			runOnlyForDeploymentPostprocessing = 0;
		};
/* End PBXFrameworksBuildPhase section */

/* Begin PBXGroup section */
		07EE75F41CB36CD8003B7E8F = {
			isa = PBXGroup;
			children = (
				07EE75FF1CB36CD8003B7E8F /* klimek-showcase */,
				07EE75FE1CB36CD8003B7E8F /* Products */,
			);
			sourceTree = "<group>";
		};
		07EE75FE1CB36CD8003B7E8F /* Products */ = {
			isa = PBXGroup;
			children = (
				07EE75FD1CB36CD8003B7E8F /* klimek-showcase.app */,
			);
			name = Products;
			sourceTree = "<group>";
		};
		07EE75FF1CB36CD8003B7E8F /* klimek-showcase */ = {
			isa = PBXGroup;
			children = (
				07EE76231CB3715A003B7E8F /* Util */,
				07EE76181CB36D13003B7E8F /* View */,
				07EE76171CB36D05003B7E8F /* Resources */,
				07EE76161CB36CFC003B7E8F /* Model */,
				07EE76151CB36CF4003B7E8F /* controller */,
				07EE76001CB36CD8003B7E8F /* AppDelegate.swift */,
				07EE76021CB36CD8003B7E8F /* ViewController.swift */,
				07EE76041CB36CD8003B7E8F /* Main.storyboard */,
				07EE760A1CB36CD8003B7E8F /* Assets.xcassets */,
				07EE760C1CB36CD8003B7E8F /* LaunchScreen.storyboard */,
				07EE760F1CB36CD8003B7E8F /* Info.plist */,
				07EE76071CB36CD8003B7E8F /* klimek_showcase.xcdatamodeld */,
			);
			path = "klimek-showcase";
			sourceTree = "<group>";
		};
		07EE76151CB36CF4003B7E8F /* controller */ = {
			isa = PBXGroup;
			children = (
			);
			name = controller;
			sourceTree = "<group>";
		};
		07EE76161CB36CFC003B7E8F /* Model */ = {
			isa = PBXGroup;
			children = (
			);
			name = Model;
			sourceTree = "<group>";
		};
		07EE76171CB36D05003B7E8F /* Resources */ = {
			isa = PBXGroup;
			children = (
				07EE76191CB36D3C003B7E8F /* NotoSans-Bold.ttf */,
				07EE761A1CB36D3C003B7E8F /* NotoSans-BoldItalic.ttf */,
				07EE761B1CB36D3C003B7E8F /* NotoSans-Italic.ttf */,
				07EE761C1CB36D3C003B7E8F /* NotoSans-Regular.ttf */,
			);
			name = Resources;
			sourceTree = "<group>";
		};
		07EE76181CB36D13003B7E8F /* View */ = {
			isa = PBXGroup;
			children = (
				07EE76211CB3703A003B7E8F /* MaterialView.swift */,
				07EE76261CB4BC96003B7E8F /* MaterialButton.swift */,
				07EE76281CB4C14E003B7E8F /* MaterialTextField.swift */,
			);
			name = View;
			sourceTree = "<group>";
		};
		07EE76231CB3715A003B7E8F /* Util */ = {
			isa = PBXGroup;
			children = (
				07EE76241CB3716F003B7E8F /* Constants.swift */,
			);
			name = Util;
			sourceTree = "<group>";
		};
/* End PBXGroup section */

/* Begin PBXNativeTarget section */
		07EE75FC1CB36CD8003B7E8F /* klimek-showcase */ = {
			isa = PBXNativeTarget;
			buildConfigurationList = 07EE76121CB36CD8003B7E8F /* Build configuration list for PBXNativeTarget "klimek-showcase" */;
			buildPhases = (
				07EE75F91CB36CD8003B7E8F /* Sources */,
				07EE75FA1CB36CD8003B7E8F /* Frameworks */,
				07EE75FB1CB36CD8003B7E8F /* Resources */,
			);
			buildRules = (
			);
			dependencies = (
			);
			name = "klimek-showcase";
			productName = "klimek-showcase";
			productReference = 07EE75FD1CB36CD8003B7E8F /* klimek-showcase.app */;
			productType = "com.apple.product-type.application";
		};
/* End PBXNativeTarget section */

/* Begin PBXProject section */
		07EE75F51CB36CD8003B7E8F /* Project object */ = {
			isa = PBXProject;
			attributes = {
				LastSwiftUpdateCheck = 0730;
				LastUpgradeCheck = 0730;
				ORGANIZATIONNAME = "Lukasz Klimkiewicz";
				TargetAttributes = {
					07EE75FC1CB36CD8003B7E8F = {
						CreatedOnToolsVersion = 7.3;
						DevelopmentTeam = LGXZ6FD927;
					};
				};
			};
			buildConfigurationList = 07EE75F81CB36CD8003B7E8F /* Build configuration list for PBXProject "klimek-showcase" */;
			compatibilityVersion = "Xcode 3.2";
			developmentRegion = English;
			hasScannedForEncodings = 0;
			knownRegions = (
				en,
				Base,
			);
			mainGroup = 07EE75F41CB36CD8003B7E8F;
			productRefGroup = 07EE75FE1CB36CD8003B7E8F /* Products */;
			projectDirPath = "";
			projectRoot = "";
			targets = (
				07EE75FC1CB36CD8003B7E8F /* klimek-showcase */,
			);
		};
/* End PBXProject section */

/* Begin PBXResourcesBuildPhase section */
		07EE75FB1CB36CD8003B7E8F /* Resources */ = {
			isa = PBXResourcesBuildPhase;
			buildActionMask = 2147483647;
			files = (
				07EE761D1CB36D3C003B7E8F /* NotoSans-Bold.ttf in Resources */,
				07EE760E1CB36CD8003B7E8F /* LaunchScreen.storyboard in Resources */,
				07EE761E1CB36D3C003B7E8F /* NotoSans-BoldItalic.ttf in Resources */,
				07EE761F1CB36D3C003B7E8F /* NotoSans-Italic.ttf in Resources */,
				07EE760B1CB36CD8003B7E8F /* Assets.xcassets in Resources */,
				07EE76061CB36CD8003B7E8F /* Main.storyboard in Resources */,
				07EE76201CB36D3C003B7E8F /* NotoSans-Regular.ttf in Resources */,
			);
			runOnlyForDeploymentPostprocessing = 0;
		};
/* End PBXResourcesBuildPhase section */

/* Begin PBXSourcesBuildPhase section */
		07EE75F91CB36CD8003B7E8F /* Sources */ = {
			isa = PBXSourcesBuildPhase;
			buildActionMask = 2147483647;
			files = (
				07EE76251CB3716F003B7E8F /* Constants.swift in Sources */,
				07EE76031CB36CD8003B7E8F /* ViewController.swift in Sources */,
				07EE76271CB4BC96003B7E8F /* MaterialButton.swift in Sources */,
				07EE76011CB36CD8003B7E8F /* AppDelegate.swift in Sources */,
				07EE76091CB36CD8003B7E8F /* klimek_showcase.xcdatamodeld in Sources */,
				07EE76221CB3703A003B7E8F /* MaterialView.swift in Sources */,
				07EE76291CB4C14E003B7E8F /* MaterialTextField.swift in Sources */,
			);
			runOnlyForDeploymentPostprocessing = 0;
		};
/* End PBXSourcesBuildPhase section */

/* Begin PBXVariantGroup section */
		07EE76041CB36CD8003B7E8F /* Main.storyboard */ = {
			isa = PBXVariantGroup;
			children = (
				07EE76051CB36CD8003B7E8F /* Base */,
			);
			name = Main.storyboard;
			sourceTree = "<group>";
		};
		07EE760C1CB36CD8003B7E8F /* LaunchScreen.storyboard */ = {
			isa = PBXVariantGroup;
			children = (
				07EE760D1CB36CD8003B7E8F /* Base */,
			);
			name = LaunchScreen.storyboard;
			sourceTree = "<group>";
		};
/* End PBXVariantGroup section */

/* Begin XCBuildConfiguration section */
		07EE76101CB36CD8003B7E8F /* Debug */ = {
			isa = XCBuildConfiguration;
			buildSettings = {
				ALWAYS_SEARCH_USER_PATHS = NO;
				CLANG_ANALYZER_NONNULL = YES;
				CLANG_CXX_LANGUAGE_STANDARD = "gnu++0x";
				CLANG_CXX_LIBRARY = "libc++";
				CLANG_ENABLE_MODULES = YES;
				CLANG_ENABLE_OBJC_ARC = YES;
				CLANG_WARN_BOOL_CONVERSION = YES;
				CLANG_WARN_CONSTANT_CONVERSION = YES;
				CLANG_WARN_DIRECT_OBJC_ISA_USAGE = YES_ERROR;
				CLANG_WARN_EMPTY_BODY = YES;
				CLANG_WARN_ENUM_CONVERSION = YES;
				CLANG_WARN_INT_CONVERSION = YES;
				CLANG_WARN_OBJC_ROOT_CLASS = YES_ERROR;
				CLANG_WARN_UNREACHABLE_CODE = YES;
				CLANG_WARN__DUPLICATE_METHOD_MATCH = YES;
				"CODE_SIGN_IDENTITY[sdk=iphoneos*]" = "iPhone Developer";
				COPY_PHASE_STRIP = NO;
				DEBUG_INFORMATION_FORMAT = dwarf;
				ENABLE_STRICT_OBJC_MSGSEND = YES;
				ENABLE_TESTABILITY = YES;
				GCC_C_LANGUAGE_STANDARD = gnu99;
				GCC_DYNAMIC_NO_PIC = NO;
				GCC_NO_COMMON_BLOCKS = YES;
				GCC_OPTIMIZATION_LEVEL = 0;
				GCC_PREPROCESSOR_DEFINITIONS = (
					"DEBUG=1",
					"$(inherited)",
				);
				GCC_WARN_64_TO_32_BIT_CONVERSION = YES;
				GCC_WARN_ABOUT_RETURN_TYPE = YES_ERROR;
				GCC_WARN_UNDECLARED_SELECTOR = YES;
				GCC_WARN_UNINITIALIZED_AUTOS = YES_AGGRESSIVE;
				GCC_WARN_UNUSED_FUNCTION = YES;
				GCC_WARN_UNUSED_VARIABLE = YES;
				IPHONEOS_DEPLOYMENT_TARGET = 9.3;
				MTL_ENABLE_DEBUG_INFO = YES;
				ONLY_ACTIVE_ARCH = YES;
				SDKROOT = iphoneos;
				SWIFT_OPTIMIZATION_LEVEL = "-Onone";
				TARGETED_DEVICE_FAMILY = "1,2";
			};
			name = Debug;
		};
		07EE76111CB36CD8003B7E8F /* Release */ = {
			isa = XCBuildConfiguration;
			buildSettings = {
				ALWAYS_SEARCH_USER_PATHS = NO;
				CLANG_ANALYZER_NONNULL = YES;
				CLANG_CXX_LANGUAGE_STANDARD = "gnu++0x";
				CLANG_CXX_LIBRARY = "libc++";
				CLANG_ENABLE_MODULES = YES;
				CLANG_ENABLE_OBJC_ARC = YES;
				CLANG_WARN_BOOL_CONVERSION = YES;
				CLANG_WARN_CONSTANT_CONVERSION = YES;
				CLANG_WARN_DIRECT_OBJC_ISA_USAGE = YES_ERROR;
				CLANG_WARN_EMPTY_BODY = YES;
				CLANG_WARN_ENUM_CONVERSION = YES;
				CLANG_WARN_INT_CONVERSION = YES;
				CLANG_WARN_OBJC_ROOT_CLASS = YES_ERROR;
				CLANG_WARN_UNREACHABLE_CODE = YES;
				CLANG_WARN__DUPLICATE_METHOD_MATCH = YES;
				"CODE_SIGN_IDENTITY[sdk=iphoneos*]" = "iPhone Developer";
				COPY_PHASE_STRIP = NO;
				DEBUG_INFORMATION_FORMAT = "dwarf-with-dsym";
				ENABLE_NS_ASSERTIONS = NO;
				ENABLE_STRICT_OBJC_MSGSEND = YES;
				GCC_C_LANGUAGE_STANDARD = gnu99;
				GCC_NO_COMMON_BLOCKS = YES;
				GCC_WARN_64_TO_32_BIT_CONVERSION = YES;
				GCC_WARN_ABOUT_RETURN_TYPE = YES_ERROR;
				GCC_WARN_UNDECLARED_SELECTOR = YES;
				GCC_WARN_UNINITIALIZED_AUTOS = YES_AGGRESSIVE;
				GCC_WARN_UNUSED_FUNCTION = YES;
				GCC_WARN_UNUSED_VARIABLE = YES;
				IPHONEOS_DEPLOYMENT_TARGET = 9.3;
				MTL_ENABLE_DEBUG_INFO = NO;
				SDKROOT = iphoneos;
				TARGETED_DEVICE_FAMILY = "1,2";
				VALIDATE_PRODUCT = YES;
			};
			name = Release;
		};
		07EE76131CB36CD8003B7E8F /* Debug */ = {
			isa = XCBuildConfiguration;
			buildSettings = {
				ASSETCATALOG_COMPILER_APPICON_NAME = AppIcon;
				CODE_SIGN_IDENTITY = "iPhone Developer";
				"CODE_SIGN_IDENTITY[sdk=iphoneos*]" = "iPhone Developer";
				INFOPLIST_FILE = "klimek-showcase/Info.plist";
				LD_RUNPATH_SEARCH_PATHS = "$(inherited) @executable_path/Frameworks";
				PRODUCT_BUNDLE_IDENTIFIER = "com.klimek.klimek-showcase";
				PRODUCT_NAME = "$(TARGET_NAME)";
				PROVISIONING_PROFILE = "";
			};
			name = Debug;
		};
		07EE76141CB36CD8003B7E8F /* Release */ = {
			isa = XCBuildConfiguration;
			buildSettings = {
				ASSETCATALOG_COMPILER_APPICON_NAME = AppIcon;
				CODE_SIGN_IDENTITY = "iPhone Developer";
				"CODE_SIGN_IDENTITY[sdk=iphoneos*]" = "iPhone Developer";
				INFOPLIST_FILE = "klimek-showcase/Info.plist";
				LD_RUNPATH_SEARCH_PATHS = "$(inherited) @executable_path/Frameworks";
				PRODUCT_BUNDLE_IDENTIFIER = "com.klimek.klimek-showcase";
				PRODUCT_NAME = "$(TARGET_NAME)";
				PROVISIONING_PROFILE = "";
			};
			name = Release;
		};
/* End XCBuildConfiguration section */

/* Begin XCConfigurationList section */
		07EE75F81CB36CD8003B7E8F /* Build configuration list for PBXProject "klimek-showcase" */ = {
			isa = XCConfigurationList;
			buildConfigurations = (
				07EE76101CB36CD8003B7E8F /* Debug */,
				07EE76111CB36CD8003B7E8F /* Release */,
			);
			defaultConfigurationIsVisible = 0;
			defaultConfigurationName = Release;
		};
		07EE76121CB36CD8003B7E8F /* Build configuration list for PBXNativeTarget "klimek-showcase" */ = {
			isa = XCConfigurationList;
			buildConfigurations = (
				07EE76131CB36CD8003B7E8F /* Debug */,
				07EE76141CB36CD8003B7E8F /* Release */,
			);
			defaultConfigurationIsVisible = 0;
			defaultConfigurationName = Release;
		};
/* End XCConfigurationList section */

/* Begin XCVersionGroup section */
		07EE76071CB36CD8003B7E8F /* klimek_showcase.xcdatamodeld */ = {
			isa = XCVersionGroup;
			children = (
				07EE76081CB36CD8003B7E8F /* klimek_showcase.xcdatamodel */,
			);
			currentVersion = 07EE76081CB36CD8003B7E8F /* klimek_showcase.xcdatamodel */;
			path = klimek_showcase.xcdatamodeld;
			sourceTree = "<group>";
			versionGroupType = wrapper.xcdatamodel;
		};
/* End XCVersionGroup section */
	};
	rootObject = 07EE75F51CB36CD8003B7E8F /* Project object */;
}
